
Microsoft Visual Studio Solution File, Format Version 12.00
# Visual Studio Version 16
VisualStudioVersion = 16.0.31729.503
MinimumVisualStudioVersion = 10.0.40219.1
Project("{9A19103F-16F7-4668-BE54-9A1E7A4F7556}") = "MemeFolderN", "MemeFolderN\MemeFolderN.csproj", "{D629AF15-0FC0-4169-B564-CCAC47BEB1BA}"
EndProject
Project("{9A19103F-16F7-4668-BE54-9A1E7A4F7556}") = "MemeFolderN.UnitTests", "MemeFolderN.UnitTests\MemeFolderN.UnitTests.csproj", "{7E78EC8A-FF6D-437B-ACB1-4AE20E07C55A}"
EndProject
Project("{9A19103F-16F7-4668-BE54-9A1E7A4F7556}") = "MemeFolderN.Core", "MemeFolderN.Core\MemeFolderN.Core.csproj", "{66A35864-AC16-4C8F-BA95-3BF446E49E5F}"
EndProject
Project("{9A19103F-16F7-4668-BE54-9A1E7A4F7556}") = "MemeFolderN.EntityFramework", "MemeFolderN.EntityFramework\MemeFolderN.EntityFramework.csproj", "{C89F1371-65C4-45C8-B42A-A3EE1331C0FD}"
EndProject
Project("{9A19103F-16F7-4668-BE54-9A1E7A4F7556}") = "MemeFolderN.Console", "MemeFolderN.Console\MemeFolderN.Console.csproj", "{DE934357-0242-4909-B4D5-BFD13555C438}"
EndProject
Project("{9A19103F-16F7-4668-BE54-9A1E7A4F7556}") = "MemeFolderN.MFModelBase", "MemeFolderN.MFModels\MemeFolderN.MFModelBase.csproj", "{71A44625-FF58-4220-8D8C-4836B773C3F3}"
EndProject
Project("{9A19103F-16F7-4668-BE54-9A1E7A4F7556}") = "MemeFolderN.Extentions", "MemeFolderN.Extentions\MemeFolderN.Extentions.csproj", "{6FCA1B52-79ED-4C01-8C29-575417191CD2}"
EndProject
Project("{9A19103F-16F7-4668-BE54-9A1E7A4F7556}") = "MemeFolderN.MFViewModelsBase", "MemeFolderN.MFViewModel\MemeFolderN.MFViewModelsBase.csproj", "{A33B1A10-2427-45E0-BB46-728C1511F55E}"
EndProject
Project("{9A19103F-16F7-4668-BE54-9A1E7A4F7556}") = "MemeFolderN.MFModel.Wpf", "MemeFolderN.MFModel.Default\MemeFolderN.MFModel.Wpf.csproj", "{31C8C7CA-EFAE-4CEA-B057-826B207ECDF2}"
EndProject
Project("{9A19103F-16F7-4668-BE54-9A1E7A4F7556}") = "MemeFolderN.MFViewModels.Default", "MemeFolderN.MFViewModels.Default\MemeFolderN.MFViewModels.Default.csproj", "{12A49E9B-AB83-4826-A2AE-99405802BE84}"
EndProject
Project("{9A19103F-16F7-4668-BE54-9A1E7A4F7556}") = "MemeFolderN.MFViews", "MemeFolderN.MFViews\MemeFolderN.MFViews.csproj", "{D1549195-8A58-477A-BAA8-24BC946FFC7C}"
EndProject
Project("{2150E333-8FDC-42A3-9474-1A3956D46DE8}") = "Mobile", "Mobile", "{9110FF2E-D9F6-41D8-AD46-D179BB18C4E2}"
EndProject
Project("{2150E333-8FDC-42A3-9474-1A3956D46DE8}") = "NavigationWPF", "NavigationWPF", "{A4D86383-A4CD-46FB-A72B-F9ED6BC31CF7}"
EndProject
Project("{9A19103F-16F7-4668-BE54-9A1E7A4F7556}") = "MvvmNavigation.Abstractions", "MvvmNavigation.Abstractions\MvvmNavigation.Abstractions.csproj", "{0784393D-72B9-4BBD-93AA-1C9E825A615B}"
EndProject
Project("{9A19103F-16F7-4668-BE54-9A1E7A4F7556}") = "MvvmNavigation.Core", "MvvmNavigation.Core\MvvmNavigation.Core.csproj", "{11F82FD2-6C05-42F6-8961-A87661804E98}"
EndProject
Project("{9A19103F-16F7-4668-BE54-9A1E7A4F7556}") = "MvvmNavigation.Internal", "MvvmNavigation.Internal\MvvmNavigation.Internal.csproj", "{6A4D7B31-E3FB-47C1-8CF1-FF3B4FC4D4B1}"
EndProject
Project("{9A19103F-16F7-4668-BE54-9A1E7A4F7556}") = "MvvmNavigation.Wpf", "MvvmNavigation.Wpf\MvvmNavigation.Wpf.csproj", "{08AD5F1C-640B-4A1B-9ED1-6DD0D813FB1D}"
EndProject
Global
	GlobalSection(SolutionConfigurationPlatforms) = preSolution
		Debug|Any CPU = Debug|Any CPU
		Debug|iPhone = Debug|iPhone
		Debug|iPhoneSimulator = Debug|iPhoneSimulator
		Release|Any CPU = Release|Any CPU
		Release|iPhone = Release|iPhone
		Release|iPhoneSimulator = Release|iPhoneSimulator
	EndGlobalSection
	GlobalSection(ProjectConfigurationPlatforms) = postSolution
		{D629AF15-0FC0-4169-B564-CCAC47BEB1BA}.Debug|Any CPU.ActiveCfg = Debug|Any CPU
		{D629AF15-0FC0-4169-B564-CCAC47BEB1BA}.Debug|Any CPU.Build.0 = Debug|Any CPU
		{D629AF15-0FC0-4169-B564-CCAC47BEB1BA}.Debug|iPhone.ActiveCfg = Debug|Any CPU
		{D629AF15-0FC0-4169-B564-CCAC47BEB1BA}.Debug|iPhone.Build.0 = Debug|Any CPU
		{D629AF15-0FC0-4169-B564-CCAC47BEB1BA}.Debug|iPhoneSimulator.ActiveCfg = Debug|Any CPU
		{D629AF15-0FC0-4169-B564-CCAC47BEB1BA}.Debug|iPhoneSimulator.Build.0 = Debug|Any CPU
		{D629AF15-0FC0-4169-B564-CCAC47BEB1BA}.Release|Any CPU.ActiveCfg = Release|Any CPU
		{D629AF15-0FC0-4169-B564-CCAC47BEB1BA}.Release|Any CPU.Build.0 = Release|Any CPU
		{D629AF15-0FC0-4169-B564-CCAC47BEB1BA}.Release|iPhone.ActiveCfg = Release|Any CPU
		{D629AF15-0FC0-4169-B564-CCAC47BEB1BA}.Release|iPhone.Build.0 = Release|Any CPU
		{D629AF15-0FC0-4169-B564-CCAC47BEB1BA}.Release|iPhoneSimulator.ActiveCfg = Release|Any CPU
		{D629AF15-0FC0-4169-B564-CCAC47BEB1BA}.Release|iPhoneSimulator.Build.0 = Release|Any CPU
		{7E78EC8A-FF6D-437B-ACB1-4AE20E07C55A}.Debug|Any CPU.ActiveCfg = Debug|Any CPU
		{7E78EC8A-FF6D-437B-ACB1-4AE20E07C55A}.Debug|Any CPU.Build.0 = Debug|Any CPU
		{7E78EC8A-FF6D-437B-ACB1-4AE20E07C55A}.Debug|iPhone.ActiveCfg = Debug|Any CPU
		{7E78EC8A-FF6D-437B-ACB1-4AE20E07C55A}.Debug|iPhone.Build.0 = Debug|Any CPU
		{7E78EC8A-FF6D-437B-ACB1-4AE20E07C55A}.Debug|iPhoneSimulator.ActiveCfg = Debug|Any CPU
		{7E78EC8A-FF6D-437B-ACB1-4AE20E07C55A}.Debug|iPhoneSimulator.Build.0 = Debug|Any CPU
		{7E78EC8A-FF6D-437B-ACB1-4AE20E07C55A}.Release|Any CPU.ActiveCfg = Release|Any CPU
		{7E78EC8A-FF6D-437B-ACB1-4AE20E07C55A}.Release|Any CPU.Build.0 = Release|Any CPU
		{7E78EC8A-FF6D-437B-ACB1-4AE20E07C55A}.Release|iPhone.ActiveCfg = Release|Any CPU
		{7E78EC8A-FF6D-437B-ACB1-4AE20E07C55A}.Release|iPhone.Build.0 = Release|Any CPU
		{7E78EC8A-FF6D-437B-ACB1-4AE20E07C55A}.Release|iPhoneSimulator.ActiveCfg = Release|Any CPU
		{7E78EC8A-FF6D-437B-ACB1-4AE20E07C55A}.Release|iPhoneSimulator.Build.0 = Release|Any CPU
		{66A35864-AC16-4C8F-BA95-3BF446E49E5F}.Debug|Any CPU.ActiveCfg = Debug|Any CPU
		{66A35864-AC16-4C8F-BA95-3BF446E49E5F}.Debug|Any CPU.Build.0 = Debug|Any CPU
		{66A35864-AC16-4C8F-BA95-3BF446E49E5F}.Debug|iPhone.ActiveCfg = Debug|Any CPU
		{66A35864-AC16-4C8F-BA95-3BF446E49E5F}.Debug|iPhone.Build.0 = Debug|Any CPU
		{66A35864-AC16-4C8F-BA95-3BF446E49E5F}.Debug|iPhoneSimulator.ActiveCfg = Debug|Any CPU
		{66A35864-AC16-4C8F-BA95-3BF446E49E5F}.Debug|iPhoneSimulator.Build.0 = Debug|Any CPU
		{66A35864-AC16-4C8F-BA95-3BF446E49E5F}.Release|Any CPU.ActiveCfg = Release|Any CPU
		{66A35864-AC16-4C8F-BA95-3BF446E49E5F}.Release|Any CPU.Build.0 = Release|Any CPU
		{66A35864-AC16-4C8F-BA95-3BF446E49E5F}.Release|iPhone.ActiveCfg = Release|Any CPU
		{66A35864-AC16-4C8F-BA95-3BF446E49E5F}.Release|iPhone.Build.0 = Release|Any CPU
		{66A35864-AC16-4C8F-BA95-3BF446E49E5F}.Release|iPhoneSimulator.ActiveCfg = Release|Any CPU
		{66A35864-AC16-4C8F-BA95-3BF446E49E5F}.Release|iPhoneSimulator.Build.0 = Release|Any CPU
		{C89F1371-65C4-45C8-B42A-A3EE1331C0FD}.Debug|Any CPU.ActiveCfg = Debug|Any CPU
		{C89F1371-65C4-45C8-B42A-A3EE1331C0FD}.Debug|Any CPU.Build.0 = Debug|Any CPU
		{C89F1371-65C4-45C8-B42A-A3EE1331C0FD}.Debug|iPhone.ActiveCfg = Debug|Any CPU
		{C89F1371-65C4-45C8-B42A-A3EE1331C0FD}.Debug|iPhone.Build.0 = Debug|Any CPU
		{C89F1371-65C4-45C8-B42A-A3EE1331C0FD}.Debug|iPhoneSimulator.ActiveCfg = Debug|Any CPU
		{C89F1371-65C4-45C8-B42A-A3EE1331C0FD}.Debug|iPhoneSimulator.Build.0 = Debug|Any CPU
		{C89F1371-65C4-45C8-B42A-A3EE1331C0FD}.Release|Any CPU.ActiveCfg = Release|Any CPU
		{C89F1371-65C4-45C8-B42A-A3EE1331C0FD}.Release|Any CPU.Build.0 = Release|Any CPU
		{C89F1371-65C4-45C8-B42A-A3EE1331C0FD}.Release|iPhone.ActiveCfg = Release|Any CPU
		{C89F1371-65C4-45C8-B42A-A3EE1331C0FD}.Release|iPhone.Build.0 = Release|Any CPU
		{C89F1371-65C4-45C8-B42A-A3EE1331C0FD}.Release|iPhoneSimulator.ActiveCfg = Release|Any CPU
		{C89F1371-65C4-45C8-B42A-A3EE1331C0FD}.Release|iPhoneSimulator.Build.0 = Release|Any CPU
		{DE934357-0242-4909-B4D5-BFD13555C438}.Debug|Any CPU.ActiveCfg = Debug|Any CPU
		{DE934357-0242-4909-B4D5-BFD13555C438}.Debug|Any CPU.Build.0 = Debug|Any CPU
		{DE934357-0242-4909-B4D5-BFD13555C438}.Debug|iPhone.ActiveCfg = Debug|Any CPU
		{DE934357-0242-4909-B4D5-BFD13555C438}.Debug|iPhone.Build.0 = Debug|Any CPU
		{DE934357-0242-4909-B4D5-BFD13555C438}.Debug|iPhoneSimulator.ActiveCfg = Debug|Any CPU
		{DE934357-0242-4909-B4D5-BFD13555C438}.Debug|iPhoneSimulator.Build.0 = Debug|Any CPU
		{DE934357-0242-4909-B4D5-BFD13555C438}.Release|Any CPU.ActiveCfg = Release|Any CPU
		{DE934357-0242-4909-B4D5-BFD13555C438}.Release|Any CPU.Build.0 = Release|Any CPU
		{DE934357-0242-4909-B4D5-BFD13555C438}.Release|iPhone.ActiveCfg = Release|Any CPU
		{DE934357-0242-4909-B4D5-BFD13555C438}.Release|iPhone.Build.0 = Release|Any CPU
		{DE934357-0242-4909-B4D5-BFD13555C438}.Release|iPhoneSimulator.ActiveCfg = Release|Any CPU
		{DE934357-0242-4909-B4D5-BFD13555C438}.Release|iPhoneSimulator.Build.0 = Release|Any CPU
		{71A44625-FF58-4220-8D8C-4836B773C3F3}.Debug|Any CPU.ActiveCfg = Debug|Any CPU
		{71A44625-FF58-4220-8D8C-4836B773C3F3}.Debug|Any CPU.Build.0 = Debug|Any CPU
		{71A44625-FF58-4220-8D8C-4836B773C3F3}.Debug|iPhone.ActiveCfg = Debug|Any CPU
		{71A44625-FF58-4220-8D8C-4836B773C3F3}.Debug|iPhone.Build.0 = Debug|Any CPU
		{71A44625-FF58-4220-8D8C-4836B773C3F3}.Debug|iPhoneSimulator.ActiveCfg = Debug|Any CPU
		{71A44625-FF58-4220-8D8C-4836B773C3F3}.Debug|iPhoneSimulator.Build.0 = Debug|Any CPU
		{71A44625-FF58-4220-8D8C-4836B773C3F3}.Release|Any CPU.ActiveCfg = Release|Any CPU
		{71A44625-FF58-4220-8D8C-4836B773C3F3}.Release|Any CPU.Build.0 = Release|Any CPU
		{71A44625-FF58-4220-8D8C-4836B773C3F3}.Release|iPhone.ActiveCfg = Release|Any CPU
		{71A44625-FF58-4220-8D8C-4836B773C3F3}.Release|iPhone.Build.0 = Release|Any CPU
		{71A44625-FF58-4220-8D8C-4836B773C3F3}.Release|iPhoneSimulator.ActiveCfg = Release|Any CPU
		{71A44625-FF58-4220-8D8C-4836B773C3F3}.Release|iPhoneSimulator.Build.0 = Release|Any CPU
		{6FCA1B52-79ED-4C01-8C29-575417191CD2}.Debug|Any CPU.ActiveCfg = Debug|Any CPU
		{6FCA1B52-79ED-4C01-8C29-575417191CD2}.Debug|Any CPU.Build.0 = Debug|Any CPU
		{6FCA1B52-79ED-4C01-8C29-575417191CD2}.Debug|iPhone.ActiveCfg = Debug|Any CPU
		{6FCA1B52-79ED-4C01-8C29-575417191CD2}.Debug|iPhone.Build.0 = Debug|Any CPU
		{6FCA1B52-79ED-4C01-8C29-575417191CD2}.Debug|iPhoneSimulator.ActiveCfg = Debug|Any CPU
		{6FCA1B52-79ED-4C01-8C29-575417191CD2}.Debug|iPhoneSimulator.Build.0 = Debug|Any CPU
		{6FCA1B52-79ED-4C01-8C29-575417191CD2}.Release|Any CPU.ActiveCfg = Release|Any CPU
		{6FCA1B52-79ED-4C01-8C29-575417191CD2}.Release|Any CPU.Build.0 = Release|Any CPU
		{6FCA1B52-79ED-4C01-8C29-575417191CD2}.Release|iPhone.ActiveCfg = Release|Any CPU
		{6FCA1B52-79ED-4C01-8C29-575417191CD2}.Release|iPhone.Build.0 = Release|Any CPU
		{6FCA1B52-79ED-4C01-8C29-575417191CD2}.Release|iPhoneSimulator.ActiveCfg = Release|Any CPU
		{6FCA1B52-79ED-4C01-8C29-575417191CD2}.Release|iPhoneSimulator.Build.0 = Release|Any CPU
		{A33B1A10-2427-45E0-BB46-728C1511F55E}.Debug|Any CPU.ActiveCfg = Debug|Any CPU
		{A33B1A10-2427-45E0-BB46-728C1511F55E}.Debug|Any CPU.Build.0 = Debug|Any CPU
		{A33B1A10-2427-45E0-BB46-728C1511F55E}.Debug|iPhone.ActiveCfg = Debug|Any CPU
		{A33B1A10-2427-45E0-BB46-728C1511F55E}.Debug|iPhone.Build.0 = Debug|Any CPU
		{A33B1A10-2427-45E0-BB46-728C1511F55E}.Debug|iPhoneSimulator.ActiveCfg = Debug|Any CPU
		{A33B1A10-2427-45E0-BB46-728C1511F55E}.Debug|iPhoneSimulator.Build.0 = Debug|Any CPU
		{A33B1A10-2427-45E0-BB46-728C1511F55E}.Release|Any CPU.ActiveCfg = Release|Any CPU
		{A33B1A10-2427-45E0-BB46-728C1511F55E}.Release|Any CPU.Build.0 = Release|Any CPU
		{A33B1A10-2427-45E0-BB46-728C1511F55E}.Release|iPhone.ActiveCfg = Release|Any CPU
		{A33B1A10-2427-45E0-BB46-728C1511F55E}.Release|iPhone.Build.0 = Release|Any CPU
		{A33B1A10-2427-45E0-BB46-728C1511F55E}.Release|iPhoneSimulator.ActiveCfg = Release|Any CPU
		{A33B1A10-2427-45E0-BB46-728C1511F55E}.Release|iPhoneSimulator.Build.0 = Release|Any CPU
		{31C8C7CA-EFAE-4CEA-B057-826B207ECDF2}.Debug|Any CPU.ActiveCfg = Debug|Any CPU
		{31C8C7CA-EFAE-4CEA-B057-826B207ECDF2}.Debug|Any CPU.Build.0 = Debug|Any CPU
		{31C8C7CA-EFAE-4CEA-B057-826B207ECDF2}.Debug|iPhone.ActiveCfg = Debug|Any CPU
		{31C8C7CA-EFAE-4CEA-B057-826B207ECDF2}.Debug|iPhone.Build.0 = Debug|Any CPU
		{31C8C7CA-EFAE-4CEA-B057-826B207ECDF2}.Debug|iPhoneSimulator.ActiveCfg = Debug|Any CPU
		{31C8C7CA-EFAE-4CEA-B057-826B207ECDF2}.Debug|iPhoneSimulator.Build.0 = Debug|Any CPU
		{31C8C7CA-EFAE-4CEA-B057-826B207ECDF2}.Release|Any CPU.ActiveCfg = Release|Any CPU
		{31C8C7CA-EFAE-4CEA-B057-826B207ECDF2}.Release|Any CPU.Build.0 = Release|Any CPU
		{31C8C7CA-EFAE-4CEA-B057-826B207ECDF2}.Release|iPhone.ActiveCfg = Release|Any CPU
		{31C8C7CA-EFAE-4CEA-B057-826B207ECDF2}.Release|iPhone.Build.0 = Release|Any CPU
		{31C8C7CA-EFAE-4CEA-B057-826B207ECDF2}.Release|iPhoneSimulator.ActiveCfg = Release|Any CPU
		{31C8C7CA-EFAE-4CEA-B057-826B207ECDF2}.Release|iPhoneSimulator.Build.0 = Release|Any CPU
		{12A49E9B-AB83-4826-A2AE-99405802BE84}.Debug|Any CPU.ActiveCfg = Debug|Any CPU
		{12A49E9B-AB83-4826-A2AE-99405802BE84}.Debug|Any CPU.Build.0 = Debug|Any CPU
		{12A49E9B-AB83-4826-A2AE-99405802BE84}.Debug|iPhone.ActiveCfg = Debug|Any CPU
		{12A49E9B-AB83-4826-A2AE-99405802BE84}.Debug|iPhone.Build.0 = Debug|Any CPU
		{12A49E9B-AB83-4826-A2AE-99405802BE84}.Debug|iPhoneSimulator.ActiveCfg = Debug|Any CPU
		{12A49E9B-AB83-4826-A2AE-99405802BE84}.Debug|iPhoneSimulator.Build.0 = Debug|Any CPU
		{12A49E9B-AB83-4826-A2AE-99405802BE84}.Release|Any CPU.ActiveCfg = Release|Any CPU
		{12A49E9B-AB83-4826-A2AE-99405802BE84}.Release|Any CPU.Build.0 = Release|Any CPU
		{12A49E9B-AB83-4826-A2AE-99405802BE84}.Release|iPhone.ActiveCfg = Release|Any CPU
		{12A49E9B-AB83-4826-A2AE-99405802BE84}.Release|iPhone.Build.0 = Release|Any CPU
		{12A49E9B-AB83-4826-A2AE-99405802BE84}.Release|iPhoneSimulator.ActiveCfg = Release|Any CPU
		{12A49E9B-AB83-4826-A2AE-99405802BE84}.Release|iPhoneSimulator.Build.0 = Release|Any CPU
		{D1549195-8A58-477A-BAA8-24BC946FFC7C}.Debug|Any CPU.ActiveCfg = Debug|Any CPU
		{D1549195-8A58-477A-BAA8-24BC946FFC7C}.Debug|Any CPU.Build.0 = Debug|Any CPU
		{D1549195-8A58-477A-BAA8-24BC946FFC7C}.Debug|iPhone.ActiveCfg = Debug|Any CPU
		{D1549195-8A58-477A-BAA8-24BC946FFC7C}.Debug|iPhone.Build.0 = Debug|Any CPU
		{D1549195-8A58-477A-BAA8-24BC946FFC7C}.Debug|iPhoneSimulator.ActiveCfg = Debug|Any CPU
		{D1549195-8A58-477A-BAA8-24BC946FFC7C}.Debug|iPhoneSimulator.Build.0 = Debug|Any CPU
		{D1549195-8A58-477A-BAA8-24BC946FFC7C}.Release|Any CPU.ActiveCfg = Release|Any CPU
		{D1549195-8A58-477A-BAA8-24BC946FFC7C}.Release|Any CPU.Build.0 = Release|Any CPU
		{D1549195-8A58-477A-BAA8-24BC946FFC7C}.Release|iPhone.ActiveCfg = Release|Any CPU
		{D1549195-8A58-477A-BAA8-24BC946FFC7C}.Release|iPhone.Build.0 = Release|Any CPU
		{D1549195-8A58-477A-BAA8-24BC946FFC7C}.Release|iPhoneSimulator.ActiveCfg = Release|Any CPU
		{D1549195-8A58-477A-BAA8-24BC946FFC7C}.Release|iPhoneSimulator.Build.0 = Release|Any CPU
		{0784393D-72B9-4BBD-93AA-1C9E825A615B}.Debug|Any CPU.ActiveCfg = Debug|Any CPU
		{0784393D-72B9-4BBD-93AA-1C9E825A615B}.Debug|Any CPU.Build.0 = Debug|Any CPU
		{0784393D-72B9-4BBD-93AA-1C9E825A615B}.Debug|iPhone.ActiveCfg = Debug|Any CPU
		{0784393D-72B9-4BBD-93AA-1C9E825A615B}.Debug|iPhone.Build.0 = Debug|Any CPU
		{0784393D-72B9-4BBD-93AA-1C9E825A615B}.Debug|iPhoneSimulator.ActiveCfg = Debug|Any CPU
		{0784393D-72B9-4BBD-93AA-1C9E825A615B}.Debug|iPhoneSimulator.Build.0 = Debug|Any CPU
		{0784393D-72B9-4BBD-93AA-1C9E825A615B}.Release|Any CPU.ActiveCfg = Release|Any CPU
		{0784393D-72B9-4BBD-93AA-1C9E825A615B}.Release|Any CPU.Build.0 = Release|Any CPU
		{0784393D-72B9-4BBD-93AA-1C9E825A615B}.Release|iPhone.ActiveCfg = Release|Any CPU
		{0784393D-72B9-4BBD-93AA-1C9E825A615B}.Release|iPhone.Build.0 = Release|Any CPU
		{0784393D-72B9-4BBD-93AA-1C9E825A615B}.Release|iPhoneSimulator.ActiveCfg = Release|Any CPU
		{0784393D-72B9-4BBD-93AA-1C9E825A615B}.Release|iPhoneSimulator.Build.0 = Release|Any CPU
		{11F82FD2-6C05-42F6-8961-A87661804E98}.Debug|Any CPU.ActiveCfg = Debug|Any CPU
		{11F82FD2-6C05-42F6-8961-A87661804E98}.Debug|Any CPU.Build.0 = Debug|Any CPU
		{11F82FD2-6C05-42F6-8961-A87661804E98}.Debug|iPhone.ActiveCfg = Debug|Any CPU
		{11F82FD2-6C05-42F6-8961-A87661804E98}.Debug|iPhone.Build.0 = Debug|Any CPU
		{11F82FD2-6C05-42F6-8961-A87661804E98}.Debug|iPhoneSimulator.ActiveCfg = Debug|Any CPU
		{11F82FD2-6C05-42F6-8961-A87661804E98}.Debug|iPhoneSimulator.Build.0 = Debug|Any CPU
		{11F82FD2-6C05-42F6-8961-A87661804E98}.Release|Any CPU.ActiveCfg = Release|Any CPU
		{11F82FD2-6C05-42F6-8961-A87661804E98}.Release|Any CPU.Build.0 = Release|Any CPU
		{11F82FD2-6C05-42F6-8961-A87661804E98}.Release|iPhone.ActiveCfg = Release|Any CPU
		{11F82FD2-6C05-42F6-8961-A87661804E98}.Release|iPhone.Build.0 = Release|Any CPU
		{11F82FD2-6C05-42F6-8961-A87661804E98}.Release|iPhoneSimulator.ActiveCfg = Release|Any CPU
		{11F82FD2-6C05-42F6-8961-A87661804E98}.Release|iPhoneSimulator.Build.0 = Release|Any CPU
		{6A4D7B31-E3FB-47C1-8CF1-FF3B4FC4D4B1}.Debug|Any CPU.ActiveCfg = Debug|Any CPU
		{6A4D7B31-E3FB-47C1-8CF1-FF3B4FC4D4B1}.Debug|Any CPU.Build.0 = Debug|Any CPU
		{6A4D7B31-E3FB-47C1-8CF1-FF3B4FC4D4B1}.Debug|iPhone.ActiveCfg = Debug|Any CPU
		{6A4D7B31-E3FB-47C1-8CF1-FF3B4FC4D4B1}.Debug|iPhone.Build.0 = Debug|Any CPU
		{6A4D7B31-E3FB-47C1-8CF1-FF3B4FC4D4B1}.Debug|iPhoneSimulator.ActiveCfg = Debug|Any CPU
		{6A4D7B31-E3FB-47C1-8CF1-FF3B4FC4D4B1}.Debug|iPhoneSimulator.Build.0 = Debug|Any CPU
		{6A4D7B31-E3FB-47C1-8CF1-FF3B4FC4D4B1}.Release|Any CPU.ActiveCfg = Release|Any CPU
		{6A4D7B31-E3FB-47C1-8CF1-FF3B4FC4D4B1}.Release|Any CPU.Build.0 = Release|Any CPU
		{6A4D7B31-E3FB-47C1-8CF1-FF3B4FC4D4B1}.Release|iPhone.ActiveCfg = Release|Any CPU
		{6A4D7B31-E3FB-47C1-8CF1-FF3B4FC4D4B1}.Release|iPhone.Build.0 = Release|Any CPU
		{6A4D7B31-E3FB-47C1-8CF1-FF3B4FC4D4B1}.Release|iPhoneSimulator.ActiveCfg = Release|Any CPU
		{6A4D7B31-E3FB-47C1-8CF1-FF3B4FC4D4B1}.Release|iPhoneSimulator.Build.0 = Release|Any CPU
		{08AD5F1C-640B-4A1B-9ED1-6DD0D813FB1D}.Debug|Any CPU.ActiveCfg = Debug|Any CPU
		{08AD5F1C-640B-4A1B-9ED1-6DD0D813FB1D}.Debug|Any CPU.Build.0 = Debug|Any CPU
		{08AD5F1C-640B-4A1B-9ED1-6DD0D813FB1D}.Debug|iPhone.ActiveCfg = Debug|Any CPU
		{08AD5F1C-640B-4A1B-9ED1-6DD0D813FB1D}.Debug|iPhone.Build.0 = Debug|Any CPU
		{08AD5F1C-640B-4A1B-9ED1-6DD0D813FB1D}.Debug|iPhoneSimulator.ActiveCfg = Debug|Any CPU
		{08AD5F1C-640B-4A1B-9ED1-6DD0D813FB1D}.Debug|iPhoneSimulator.Build.0 = Debug|Any CPU
		{08AD5F1C-640B-4A1B-9ED1-6DD0D813FB1D}.Release|Any CPU.ActiveCfg = Release|Any CPU
		{08AD5F1C-640B-4A1B-9ED1-6DD0D813FB1D}.Release|Any CPU.Build.0 = Release|Any CPU
		{08AD5F1C-640B-4A1B-9ED1-6DD0D813FB1D}.Release|iPhone.ActiveCfg = Release|Any CPU
		{08AD5F1C-640B-4A1B-9ED1-6DD0D813FB1D}.Release|iPhone.Build.0 = Release|Any CPU
		{08AD5F1C-640B-4A1B-9ED1-6DD0D813FB1D}.Release|iPhoneSimulator.ActiveCfg = Release|Any CPU
		{08AD5F1C-640B-4A1B-9ED1-6DD0D813FB1D}.Release|iPhoneSimulator.Build.0 = Release|Any CPU
	EndGlobalSection
	GlobalSection(SolutionProperties) = preSolution
		HideSolutionNode = FALSE
	EndGlobalSection
	GlobalSection(NestedProjects) = preSolution
		{0784393D-72B9-4BBD-93AA-1C9E825A615B} = {A4D86383-A4CD-46FB-A72B-F9ED6BC31CF7}
		{11F82FD2-6C05-42F6-8961-A87661804E98} = {A4D86383-A4CD-46FB-A72B-F9ED6BC31CF7}
		{6A4D7B31-E3FB-47C1-8CF1-FF3B4FC4D4B1} = {A4D86383-A4CD-46FB-A72B-F9ED6BC31CF7}
		{08AD5F1C-640B-4A1B-9ED1-6DD0D813FB1D} = {A4D86383-A4CD-46FB-A72B-F9ED6BC31CF7}
	EndGlobalSection
	GlobalSection(ExtensibilityGlobals) = postSolution
		SolutionGuid = {BEE8FF04-6B78-42CA-A5F9-826481447E98}
	EndGlobalSection
EndGlobal
